<?xml version="1.0" encoding="utf-8"?>
<Project ToolsVersion="4.0" xmlns="http://schemas.microsoft.com/developer/msbuild/2003">
  <ItemGroup>
    <Filter Include="Util">
      <UniqueIdentifier>{8613f89f-4b5f-46d0-9b25-9c720ba82fe2}</UniqueIdentifier>
    </Filter>
    <Filter Include="Interface">
      <UniqueIdentifier>{24a12038-eb87-4177-9677-332d6f42f511}</UniqueIdentifier>
    </Filter>
    <Filter Include="Model">
      <UniqueIdentifier>{433582ed-e68b-4e6b-9ba1-75fffe9deeb2}</UniqueIdentifier>
    </Filter>
    <Filter Include="Main">
      <UniqueIdentifier>{4FC737F1-C7A5-4376-A066-2A32D752A2FF}</UniqueIdentifier>
      <Extensions>cpp;c;cc;cxx;c++;cppm;ixx;def;odl;idl;hpj;bat;asm;asmx</Extensions>
    </Filter>
    <Filter Include="Game">
      <UniqueIdentifier>{881fe445-063c-4411-a0e8-91a75b79a409}</UniqueIdentifier>
    </Filter>
  </ItemGroup>
  <ItemGroup>
    <ClCompile Include="Main.cpp">
      <Filter>Main</Filter>
    </ClCompile>
    <ClCompile Include="stdafx.cpp">
      <Filter>Main</Filter>
    </ClCompile>
    <ClCompile Include="Model\CMesh.cpp">
      <Filter>Model</Filter>
    </ClCompile>
    <ClCompile Include="Model\CTexture.cpp">
      <Filter>Model</Filter>
    </ClCompile>
    <ClCompile Include="Util\CEvent.cpp">
      <Filter>Util</Filter>
    </ClCompile>
    <ClCompile Include="Util\CUtil.cpp">
      <Filter>Util</Filter>
    </ClCompile>
    <ClCompile Include="Interface\CCamera.cpp">
      <Filter>Interface</Filter>
    </ClCompile>
    <ClCompile Include="Interface\CWindow.cpp">
      <Filter>Interface</Filter>
    </ClCompile>
    <ClCompile Include="Model\CModel.cpp">
      <Filter>Model</Filter>
    </ClCompile>
    <ClCompile Include="Editor\CLight.cpp">
      <Filter>Game</Filter>
    </ClCompile>
    <ClCompile Include="Interface\CGame.cpp">
      <Filter>Game</Filter>
    </ClCompile>
  </ItemGroup>
  <ItemGroup>
    <ClInclude Include="stdafx.h">
      <Filter>Main</Filter>
    </ClInclude>
    <ClInclude Include="Model\CMesh.h">
      <Filter>Model</Filter>
    </ClInclude>
    <ClInclude Include="Model\CTexture.h">
      <Filter>Model</Filter>
    </ClInclude>
    <ClInclude Include="Util\CEvent.h">
      <Filter>Util</Filter>
    </ClInclude>
    <ClInclude Include="Util\CUtil.h">
      <Filter>Util</Filter>
    </ClInclude>
    <ClInclude Include="Interface\CCamera.h">
      <Filter>Interface</Filter>
    </ClInclude>
    <ClInclude Include="Interface\CWindow.h">
      <Filter>Interface</Filter>
    </ClInclude>
    <ClInclude Include="Model\CModel.h">
      <Filter>Model</Filter>
    </ClInclude>
    <ClInclude Include="Editor\CLight.h">
      <Filter>Game</Filter>
    </ClInclude>
    <ClInclude Include="Interface\CGame.h">
      <Filter>Game</Filter>
    </ClInclude>
  </ItemGroup>
</Project>